// !$*UTF8*$!
{
	archiveVersion = 1;
	classes = {
	};
	objectVersion = 55;
	objects = {

/* Begin PBXBuildFile section */
		F49A2F222A46115000F33EE8 /* ViewControllerAgregar.swift in Sources */ = {isa = PBXBuildFile; fileRef = F49A2F212A46115000F33EE8 /* ViewControllerAgregar.swift */; };
		F49A2F242A46341100F33EE8 /* ViewControllerEditarPerfil.swift in Sources */ = {isa = PBXBuildFile; fileRef = F49A2F232A46341100F33EE8 /* ViewControllerEditarPerfil.swift */; };
		F4CA1F492A4341820016FFD9 /* AppDelegate.swift in Sources */ = {isa = PBXBuildFile; fileRef = F4CA1F482A4341820016FFD9 /* AppDelegate.swift */; };
		F4CA1F4B2A4341820016FFD9 /* SceneDelegate.swift in Sources */ = {isa = PBXBuildFile; fileRef = F4CA1F4A2A4341820016FFD9 /* SceneDelegate.swift */; };
		F4CA1F4D2A4341820016FFD9 /* ViewController.swift in Sources */ = {isa = PBXBuildFile; fileRef = F4CA1F4C2A4341820016FFD9 /* ViewController.swift */; };
		F4CA1F502A4341820016FFD9 /* Main.storyboard in Resources */ = {isa = PBXBuildFile; fileRef = F4CA1F4E2A4341820016FFD9 /* Main.storyboard */; };
		F4CA1F522A4341840016FFD9 /* Assets.xcassets in Resources */ = {isa = PBXBuildFile; fileRef = F4CA1F512A4341840016FFD9 /* Assets.xcassets */; };
		F4CA1F552A4341840016FFD9 /* LaunchScreen.storyboard in Resources */ = {isa = PBXBuildFile; fileRef = F4CA1F532A4341840016FFD9 /* LaunchScreen.storyboard */; };
		F4CA1F5D2A4347430016FFD9 /* Users.swift in Sources */ = {isa = PBXBuildFile; fileRef = F4CA1F5C2A4347430016FFD9 /* Users.swift */; };
		F4CA1F5F2A43638B0016FFD9 /* ViewControllerBuscar.swift in Sources */ = {isa = PBXBuildFile; fileRef = F4CA1F5E2A43638B0016FFD9 /* ViewControllerBuscar.swift */; };
		F4CA1F612A4363B80016FFD9 /* Peliculas.swift in Sources */ = {isa = PBXBuildFile; fileRef = F4CA1F602A4363B80016FFD9 /* Peliculas.swift */; };
/* End PBXBuildFile section */

/* Begin PBXFileReference section */
		F49A2F212A46115000F33EE8 /* ViewControllerAgregar.swift */ = {isa = PBXFileReference; lastKnownFileType = sourcecode.swift; path = ViewControllerAgregar.swift; sourceTree = "<group>"; };
		F49A2F232A46341100F33EE8 /* ViewControllerEditarPerfil.swift */ = {isa = PBXFileReference; lastKnownFileType = sourcecode.swift; path = ViewControllerEditarPerfil.swift; sourceTree = "<group>"; };
		F4CA1F452A4341820016FFD9 /* JSONRESTful.app */ = {isa = PBXFileReference; explicitFileType = wrapper.application; includeInIndex = 0; path = JSONRESTful.app; sourceTree = BUILT_PRODUCTS_DIR; };
		F4CA1F482A4341820016FFD9 /* AppDelegate.swift */ = {isa = PBXFileReference; lastKnownFileType = sourcecode.swift; path = AppDelegate.swift; sourceTree = "<group>"; };
		F4CA1F4A2A4341820016FFD9 /* SceneDelegate.swift */ = {isa = PBXFileReference; lastKnownFileType = sourcecode.swift; path = SceneDelegate.swift; sourceTree = "<group>"; };
		F4CA1F4C2A4341820016FFD9 /* ViewController.swift */ = {isa = PBXFileReference; lastKnownFileType = sourcecode.swift; path = ViewController.swift; sourceTree = "<group>"; };
		F4CA1F4F2A4341820016FFD9 /* Base */ = {isa = PBXFileReference; lastKnownFileType = file.storyboard; name = Base; path = Base.lproj/Main.storyboard; sourceTree = "<group>"; };
		F4CA1F512A4341840016FFD9 /* Assets.xcassets */ = {isa = PBXFileReference; lastKnownFileType = folder.assetcatalog; path = Assets.xcassets; sourceTree = "<group>"; };
		F4CA1F542A4341840016FFD9 /* Base */ = {isa = PBXFileReference; lastKnownFileType = file.storyboard; name = Base; path = Base.lproj/LaunchScreen.storyboard; sourceTree = "<group>"; };
		F4CA1F562A4341840016FFD9 /* Info.plist */ = {isa = PBXFileReference; lastKnownFileType = text.plist.xml; path = Info.plist; sourceTree = "<group>"; };
		F4CA1F5C2A4347430016FFD9 /* Users.swift */ = {isa = PBXFileReference; lastKnownFileType = sourcecode.swift; path = Users.swift; sourceTree = "<group>"; };
		F4CA1F5E2A43638B0016FFD9 /* ViewControllerBuscar.swift */ = {isa = PBXFileReference; lastKnownFileType = sourcecode.swift; path = ViewControllerBuscar.swift; sourceTree = "<group>"; };
		F4CA1F602A4363B80016FFD9 /* Peliculas.swift */ = {isa = PBXFileReference; lastKnownFileType = sourcecode.swift; path = Peliculas.swift; sourceTree = "<group>"; };
/* End PBXFileReference section */

/* Begin PBXFrameworksBuildPhase section */
		F4CA1F422A4341820016FFD9 /* Frameworks */ = {
			isa = PBXFrameworksBuildPhase;
			buildActionMask = 2147483647;
			files = (
			);
			runOnlyForDeploymentPostprocessing = 0;
		};
/* End PBXFrameworksBuildPhase section */

/* Begin PBXGroup section */
		F4CA1F3C2A4341820016FFD9 = {
			isa = PBXGroup;
			children = (
				F4CA1F472A4341820016FFD9 /* JSONRESTful */,
				F4CA1F462A4341820016FFD9 /* Products */,
			);
			sourceTree = "<group>";
		};
		F4CA1F462A4341820016FFD9 /* Products */ = {
			isa = PBXGroup;
			children = (
				F4CA1F452A4341820016FFD9 /* JSONRESTful.app */,
			);
			name = Products;
			sourceTree = "<group>";
		};
		F4CA1F472A4341820016FFD9 /* JSONRESTful */ = {
			isa = PBXGroup;
			children = (
				F4CA1F482A4341820016FFD9 /* AppDelegate.swift */,
				F4CA1F4A2A4341820016FFD9 /* SceneDelegate.swift */,
				F4CA1F4C2A4341820016FFD9 /* ViewController.swift */,
				F4CA1F4E2A4341820016FFD9 /* Main.storyboard */,
				F4CA1F512A4341840016FFD9 /* Assets.xcassets */,
				F4CA1F532A4341840016FFD9 /* LaunchScreen.storyboard */,
				F4CA1F562A4341840016FFD9 /* Info.plist */,
				F4CA1F5C2A4347430016FFD9 /* Users.swift */,
				F4CA1F5E2A43638B0016FFD9 /* ViewControllerBuscar.swift */,
				F4CA1F602A4363B80016FFD9 /* Peliculas.swift */,
				F49A2F212A46115000F33EE8 /* ViewControllerAgregar.swift */,
				F49A2F232A46341100F33EE8 /* ViewControllerEditarPerfil.swift */,
			);
			path = JSONRESTful;
			sourceTree = "<group>";
		};
/* End PBXGroup section */

/* Begin PBXNativeTarget section */
		F4CA1F442A4341820016FFD9 /* JSONRESTful */ = {
			isa = PBXNativeTarget;
			buildConfigurationList = F4CA1F592A4341840016FFD9 /* Build configuration list for PBXNativeTarget "JSONRESTful" */;
			buildPhases = (
				F4CA1F412A4341820016FFD9 /* Sources */,
				F4CA1F422A4341820016FFD9 /* Frameworks */,
				F4CA1F432A4341820016FFD9 /* Resources */,
			);
			buildRules = (
			);
			dependencies = (
			);
			name = JSONRESTful;
			productName = JSONRESTful;
			productReference = F4CA1F452A4341820016FFD9 /* JSONRESTful.app */;
			productType = "com.apple.product-type.application";
		};
/* End PBXNativeTarget section */

/* Begin PBXProject section */
		F4CA1F3D2A4341820016FFD9 /* Project object */ = {
			isa = PBXProject;
			attributes = {
				BuildIndependentTargetsInParallel = 1;
				LastSwiftUpdateCheck = 1340;
				LastUpgradeCheck = 1340;
				TargetAttributes = {
					F4CA1F442A4341820016FFD9 = {
						CreatedOnToolsVersion = 13.4.1;
					};
				};
			};
			buildConfigurationList = F4CA1F402A4341820016FFD9 /* Build configuration list for PBXProject "JSONRESTful" */;
			compatibilityVersion = "Xcode 13.0";
			developmentRegion = en;
			hasScannedForEncodings = 0;
			knownRegions = (
				en,
				Base,
			);
			mainGroup = F4CA1F3C2A4341820016FFD9;
			productRefGroup = F4CA1F462A4341820016FFD9 /* Products */;
			projectDirPath = "";
			projectRoot = "";
			targets = (
				F4CA1F442A4341820016FFD9 /* JSONRESTful */,
			);
		};
/* End PBXProject section */

/* Begin PBXResourcesBuildPhase section */
		F4CA1F432A4341820016FFD9 /* Resources */ = {
			isa = PBXResourcesBuildPhase;
			buildActionMask = 2147483647;
			files = (
				F4CA1F552A4341840016FFD9 /* LaunchScreen.storyboard in Resources */,
				F4CA1F522A4341840016FFD9 /* Assets.xcassets in Resources */,
				F4CA1F502A4341820016FFD9 /* Main.storyboard in Resources */,
			);
			runOnlyForDeploymentPostprocessing = 0;
		};
/* End PBXResourcesBuildPhase section */

/* Begin PBXSourcesBuildPhase section */
		F4CA1F412A4341820016FFD9 /* Sources */ = {
			isa = PBXSourcesBuildPhase;
			buildActionMask = 2147483647;
			files = (
				F4CA1F612A4363B80016FFD9 /* Peliculas.swift in Sources */,
				F4CA1F5D2A4347430016FFD9 /* Users.swift in Sources */,
				F49A2F242A46341100F33EE8 /* ViewControllerEditarPerfil.swift in Sources */,
				F4CA1F4D2A4341820016FFD9 /* ViewController.swift in Sources */,
				F4CA1F492A4341820016FFD9 /* AppDelegate.swift in Sources */,
				F4CA1F4B2A4341820016FFD9 /* SceneDelegate.swift in Sources */,
				F49A2F222A46115000F33EE8 /* ViewControllerAgregar.swift in Sources */,
				F4CA1F5F2A43638B0016FFD9 /* ViewControllerBuscar.swift in Sources */,
			);
			runOnlyForDeploymentPostprocessing = 0;
		};
/* End PBXSourcesBuildPhase section */

/* Begin PBXVariantGroup section */
		F4CA1F4E2A4341820016FFD9 /* Main.storyboard */ = {
			isa = PBXVariantGroup;
			children = (
				F4CA1F4F2A4341820016FFD9 /* Base */,
			);
			name = Main.storyboard;
			sourceTree = "<group>";
		};
		F4CA1F532A4341840016FFD9 /* LaunchScreen.storyboard */ = {
			isa = PBXVariantGroup;
			children = (
				F4CA1F542A4341840016FFD9 /* Base */,
			);
			name = LaunchScreen.storyboard;
			sourceTree = "<group>";
		};
/* End PBXVariantGroup section */

/* Begin XCBuildConfiguration section */
		F4CA1F572A4341840016FFD9 /* Debug */ = {
			isa = XCBuildConfiguration;
			buildSettings = {
				ALWAYS_SEARCH_USER_PATHS = NO;
				CLANG_ANALYZER_NONNULL = YES;
				CLANG_ANALYZER_NUMBER_OBJECT_CONVERSION = YES_AGGRESSIVE;
				CLANG_CXX_LANGUAGE_STANDARD = "gnu++17";
				CLANG_ENABLE_MODULES = YES;
				CLANG_ENABLE_OBJC_ARC = YES;
				CLANG_ENABLE_OBJC_WEAK = YES;
				CLANG_WARN_BLOCK_CAPTURE_AUTORELEASING = YES;
				CLANG_WARN_BOOL_CONVERSION = YES;
				CLANG_WARN_COMMA = YES;
				CLANG_WARN_CONSTANT_CONVERSION = YES;
				CLANG_WARN_DEPRECATED_OBJC_IMPLEMENTATIONS = YES;
				CLANG_WARN_DIRECT_OBJC_ISA_USAGE = YES_ERROR;
				CLANG_WARN_DOCUMENTATION_COMMENTS = YES;
				CLANG_WARN_EMPTY_BODY = YES;
				CLANG_WARN_ENUM_CONVERSION = YES;
				CLANG_WARN_INFINITE_RECURSION = YES;
				CLANG_WARN_INT_CONVERSION = YES;
				CLANG_WARN_NON_LITERAL_NULL_CONVERSION = YES;
				CLANG_WARN_OBJC_IMPLICIT_RETAIN_SELF = YES;
				CLANG_WARN_OBJC_LITERAL_CONVERSION = YES;
				CLANG_WARN_OBJC_ROOT_CLASS = YES_ERROR;
				CLANG_WARN_QUOTED_INCLUDE_IN_FRAMEWORK_HEADER = YES;
				CLANG_WARN_RANGE_LOOP_ANALYSIS = YES;
				CLANG_WARN_STRICT_PROTOTYPES = YES;
				CLANG_WARN_SUSPICIOUS_MOVE = YES;
				CLANG_WARN_UNGUARDED_AVAILABILITY = YES_AGGRESSIVE;
				CLANG_WARN_UNREACHABLE_CODE = YES;
				CLANG_WARN__DUPLICATE_METHOD_MATCH = YES;
				COPY_PHASE_STRIP = NO;
				DEBUG_INFORMATION_FORMAT = dwarf;
				ENABLE_STRICT_OBJC_MSGSEND = YES;
				ENABLE_TESTABILITY = YES;
				GCC_C_LANGUAGE_STANDARD = gnu11;
				GCC_DYNAMIC_NO_PIC = NO;
				GCC_NO_COMMON_BLOCKS = YES;
				GCC_OPTIMIZATION_LEVEL = 0;
				GCC_PREPROCESSOR_DEFINITIONS = (
					"DEBUG=1",
					"$(inherited)",
				);
				GCC_WARN_64_TO_32_BIT_CONVERSION = YES;
				GCC_WARN_ABOUT_RETURN_TYPE = YES_ERROR;
				GCC_WARN_UNDECLARED_SELECTOR = YES;
				GCC_WARN_UNINITIALIZED_AUTOS = YES_AGGRESSIVE;
				GCC_WARN_UNUSED_FUNCTION = YES;
				GCC_WARN_UNUSED_VARIABLE = YES;
				IPHONEOS_DEPLOYMENT_TARGET = 15.5;
				MTL_ENABLE_DEBUG_INFO = INCLUDE_SOURCE;
				MTL_FAST_MATH = YES;
				ONLY_ACTIVE_ARCH = YES;
				SDKROOT = iphoneos;
				SWIFT_ACTIVE_COMPILATION_CONDITIONS = DEBUG;
				SWIFT_OPTIMIZATION_LEVEL = "-Onone";
			};
			name = Debug;
		};
		F4CA1F582A4341840016FFD9 /* Release */ = {
			isa = XCBuildConfiguration;
			buildSettings = {
				ALWAYS_SEARCH_USER_PATHS = NO;
				CLANG_ANALYZER_NONNULL = YES;
				CLANG_ANALYZER_NUMBER_OBJECT_CONVERSION = YES_AGGRESSIVE;
				CLANG_CXX_LANGUAGE_STANDARD = "gnu++17";
				CLANG_ENABLE_MODULES = YES;
				CLANG_ENABLE_OBJC_ARC = YES;
				CLANG_ENABLE_OBJC_WEAK = YES;
				CLANG_WARN_BLOCK_CAPTURE_AUTORELEASING = YES;
				CLANG_WARN_BOOL_CONVERSION = YES;
				CLANG_WARN_COMMA = YES;
				CLANG_WARN_CONSTANT_CONVERSION = YES;
				CLANG_WARN_DEPRECATED_OBJC_IMPLEMENTATIONS = YES;
				CLANG_WARN_DIRECT_OBJC_ISA_USAGE = YES_ERROR;
				CLANG_WARN_DOCUMENTATION_COMMENTS = YES;
				CLANG_WARN_EMPTY_BODY = YES;
				CLANG_WARN_ENUM_CONVERSION = YES;
				CLANG_WARN_INFINITE_RECURSION = YES;
				CLANG_WARN_INT_CONVERSION = YES;
				CLANG_WARN_NON_LITERAL_NULL_CONVERSION = YES;
				CLANG_WARN_OBJC_IMPLICIT_RETAIN_SELF = YES;
				CLANG_WARN_OBJC_LITERAL_CONVERSION = YES;
				CLANG_WARN_OBJC_ROOT_CLASS = YES_ERROR;
				CLANG_WARN_QUOTED_INCLUDE_IN_FRAMEWORK_HEADER = YES;
				CLANG_WARN_RANGE_LOOP_ANALYSIS = YES;
				CLANG_WARN_STRICT_PROTOTYPES = YES;
				CLANG_WARN_SUSPICIOUS_MOVE = YES;
				CLANG_WARN_UNGUARDED_AVAILABILITY = YES_AGGRESSIVE;
				CLANG_WARN_UNREACHABLE_CODE = YES;
				CLANG_WARN__DUPLICATE_METHOD_MATCH = YES;
				COPY_PHASE_STRIP = NO;
				DEBUG_INFORMATION_FORMAT = "dwarf-with-dsym";
				ENABLE_NS_ASSERTIONS = NO;
				ENABLE_STRICT_OBJC_MSGSEND = YES;
				GCC_C_LANGUAGE_STANDARD = gnu11;
				GCC_NO_COMMON_BLOCKS = YES;
				GCC_WARN_64_TO_32_BIT_CONVERSION = YES;
				GCC_WARN_ABOUT_RETURN_TYPE = YES_ERROR;
				GCC_WARN_UNDECLARED_SELECTOR = YES;
				GCC_WARN_UNINITIALIZED_AUTOS = YES_AGGRESSIVE;
				GCC_WARN_UNUSED_FUNCTION = YES;
				GCC_WARN_UNUSED_VARIABLE = YES;
				IPHONEOS_DEPLOYMENT_TARGET = 15.5;
				MTL_ENABLE_DEBUG_INFO = NO;
				MTL_FAST_MATH = YES;
				SDKROOT = iphoneos;
				SWIFT_COMPILATION_MODE = wholemodule;
				SWIFT_OPTIMIZATION_LEVEL = "-O";
				VALIDATE_PRODUCT = YES;
			};
			name = Release;
		};
		F4CA1F5A2A4341840016FFD9 /* Debug */ = {
			isa = XCBuildConfiguration;
			buildSettings = {
				ASSETCATALOG_COMPILER_APPICON_NAME = AppIcon;
				ASSETCATALOG_COMPILER_GLOBAL_ACCENT_COLOR_NAME = AccentColor;
				CODE_SIGN_STYLE = Automatic;
				CURRENT_PROJECT_VERSION = 1;
				GENERATE_INFOPLIST_FILE = YES;
				INFOPLIST_FILE = JSONRESTful/Info.plist;
				INFOPLIST_KEY_UIApplicationSupportsIndirectInputEvents = YES;
				INFOPLIST_KEY_UILaunchStoryboardName = LaunchScreen;
				INFOPLIST_KEY_UIMainStoryboardFile = Main;
				INFOPLIST_KEY_UISupportedInterfaceOrientations_iPad = "UIInterfaceOrientationPortrait UIInterfaceOrientationPortraitUpsideDown UIInterfaceOrientationLandscapeLeft UIInterfaceOrientationLandscapeRight";
				INFOPLIST_KEY_UISupportedInterfaceOrientations_iPhone = "UIInterfaceOrientationPortrait UIInterfaceOrientationLandscapeLeft UIInterfaceOrientationLandscapeRight";
				LD_RUNPATH_SEARCH_PATHS = (
					"$(inherited)",
					"@executable_path/Frameworks",
				);
				MARKETING_VERSION = 1.0;
				PRODUCT_BUNDLE_IDENTIFIER = deah.com.JSONRESTful;
				PRODUCT_NAME = "$(TARGET_NAME)";
				SWIFT_EMIT_LOC_STRINGS = YES;
				SWIFT_VERSION = 5.0;
				TARGETED_DEVICE_FAMILY = "1,2";
			};
			name = Debug;
		};
		F4CA1F5B2A4341840016FFD9 /* Release */ = {
			isa = XCBuildConfiguration;
			buildSettings = {
				ASSETCATALOG_COMPILER_APPICON_NAME = AppIcon;
				ASSETCATALOG_COMPILER_GLOBAL_ACCENT_COLOR_NAME = AccentColor;
				CODE_SIGN_STYLE = Automatic;
				CURRENT_PROJECT_VERSION = 1;
				GENERATE_INFOPLIST_FILE = YES;
				INFOPLIST_FILE = JSONRESTful/Info.plist;
				INFOPLIST_KEY_UIApplicationSupportsIndirectInputEvents = YES;
				INFOPLIST_KEY_UILaunchStoryboardName = LaunchScreen;
				INFOPLIST_KEY_UIMainStoryboardFile = Main;
				INFOPLIST_KEY_UISupportedInterfaceOrientations_iPad = "UIInterfaceOrientationPortrait UIInterfaceOrientationPortraitUpsideDown UIInterfaceOrientationLandscapeLeft UIInterfaceOrientationLandscapeRight";
				INFOPLIST_KEY_UISupportedInterfaceOrientations_iPhone = "UIInterfaceOrientationPortrait UIInterfaceOrientationLandscapeLeft UIInterfaceOrientationLandscapeRight";
				LD_RUNPATH_SEARCH_PATHS = (
					"$(inherited)",
					"@executable_path/Frameworks",
				);
				MARKETING_VERSION = 1.0;
				PRODUCT_BUNDLE_IDENTIFIER = deah.com.JSONRESTful;
				PRODUCT_NAME = "$(TARGET_NAME)";
				SWIFT_EMIT_LOC_STRINGS = YES;
				SWIFT_VERSION = 5.0;
				TARGETED_DEVICE_FAMILY = "1,2";
			};
			name = Release;
		};
/* End XCBuildConfiguration section */

/* Begin XCConfigurationList section */
		F4CA1F402A4341820016FFD9 /* Build configuration list for PBXProject "JSONRESTful" */ = {
			isa = XCConfigurationList;
			buildConfigurations = (
				F4CA1F572A4341840016FFD9 /* Debug */,
				F4CA1F582A4341840016FFD9 /* Release */,
			);
			defaultConfigurationIsVisible = 0;
			defaultConfigurationName = Release;
		};
		F4CA1F592A4341840016FFD9 /* Build configuration list for PBXNativeTarget "JSONRESTful" */ = {
			isa = XCConfigurationList;
			buildConfigurations = (
				F4CA1F5A2A4341840016FFD9 /* Debug */,
				F4CA1F5B2A4341840016FFD9 /* Release */,
			);
			defaultConfigurationIsVisible = 0;
			defaultConfigurationName = Release;
		};
/* End XCConfigurationList section */
	};
	rootObject = F4CA1F3D2A4341820016FFD9 /* Project object */;
}
